
Microsoft Visual Studio Solution File, Format Version 12.00
# Visual Studio 15
VisualStudioVersion = 15.0.27703.2026
MinimumVisualStudioVersion = 10.0.40219.1
Project("{FAE04EC0-301F-11D3-BF4B-00C04F79EFBC}") = "MvcMovie", "MvcMovie\MvcMovie.csproj", "{DA4079C6-2EEA-44A6-ABD8-BDD52B2EFF7B}"
EndProject
Global
	GlobalSection(SolutionConfigurationPlatforms) = preSolution
		Debug|Any CPU = Debug|Any CPU
		Release|Any CPU = Release|Any CPU
	EndGlobalSection
	GlobalSection(ProjectConfigurationPlatforms) = postSolution
		{DA4079C6-2EEA-44A6-ABD8-BDD52B2EFF7B}.Debug|Any CPU.ActiveCfg = Debug|Any CPU
		{DA4079C6-2EEA-44A6-ABD8-BDD52B2EFF7B}.Debug|Any CPU.Build.0 = Debug|Any CPU
		{DA4079C6-2EEA-44A6-ABD8-BDD52B2EFF7B}.Release|Any CPU.ActiveCfg = Release|Any CPU
		{DA4079C6-2EEA-44A6-ABD8-BDD52B2EFF7B}.Release|Any CPU.Build.0 = Release|Any CPU
	EndGlobalSection
	GlobalSection(SolutionProperties) = preSolution
		HideSolutionNode = FALSE
	EndGlobalSection
	GlobalSection(ExtensibilityGlobals) = postSolution
		SolutionGuid = {0AB5DE39-6A98-420C-AFE7-AC2EF4D26117}
	EndGlobalSection
EndGlobal
